
Microsoft Visual Studio Solution File, Format Version 12.00
# Visual Studio Version 17
VisualStudioVersion = 17.4.33020.496
MinimumVisualStudioVersion = 10.0.40219.1
Project("{FAE04EC0-301F-11D3-BF4B-00C04F79EFBC}") = "msgpack-tt", "msgpack-tt\msgpack-tt.csproj", "{B863C647-E93F-45F3-86EA-4C38FE0E356B}"
EndProject
Global
	GlobalSection(SolutionConfigurationPlatforms) = preSolution
		Debug|Any CPU = Debug|Any CPU
		Release|Any CPU = Release|Any CPU
	EndGlobalSection
	GlobalSection(ProjectConfigurationPlatforms) = postSolution
		{B863C647-E93F-45F3-86EA-4C38FE0E356B}.Debug|Any CPU.ActiveCfg = Debug|Any CPU
		{B863C647-E93F-45F3-86EA-4C38FE0E356B}.Debug|Any CPU.Build.0 = Debug|Any CPU
		{B863C647-E93F-45F3-86EA-4C38FE0E356B}.Release|Any CPU.ActiveCfg = Release|Any CPU
		{B863C647-E93F-45F3-86EA-4C38FE0E356B}.Release|Any CPU.Build.0 = Release|Any CPU
	EndGlobalSection
	GlobalSection(SolutionProperties) = preSolution
		HideSolutionNode = FALSE
	EndGlobalSection
	GlobalSection(ExtensibilityGlobals) = postSolution
		SolutionGuid = {CA16F940-2EC5-4288-9830-66C0AC19E16A}
	EndGlobalSection
EndGlobal
